
Microsoft Visual Studio Solution File, Format Version 12.00
# Visual Studio Version 16
VisualStudioVersion = 16.0.29418.71
MinimumVisualStudioVersion = 10.0.40219.1
Project("{FAE04EC0-301F-11D3-BF4B-00C04F79EFBC}") = "ExecutableInfoReader", "ExecutableInfoReader\ExecutableInfoReader.csproj", "{BDDD6D9B-67A6-439D-B9B7-4F9F28B85099}"
EndProject
Global
	GlobalSection(SolutionConfigurationPlatforms) = preSolution
		Debug|Any CPU = Debug|Any CPU
		Release|Any CPU = Release|Any CPU
	EndGlobalSection
	GlobalSection(ProjectConfigurationPlatforms) = postSolution
		{BDDD6D9B-67A6-439D-B9B7-4F9F28B85099}.Debug|Any CPU.ActiveCfg = Debug|Any CPU
		{BDDD6D9B-67A6-439D-B9B7-4F9F28B85099}.Debug|Any CPU.Build.0 = Debug|Any CPU
		{BDDD6D9B-67A6-439D-B9B7-4F9F28B85099}.Release|Any CPU.ActiveCfg = Release|Any CPU
		{BDDD6D9B-67A6-439D-B9B7-4F9F28B85099}.Release|Any CPU.Build.0 = Release|Any CPU
	EndGlobalSection
	GlobalSection(SolutionProperties) = preSolution
		HideSolutionNode = FALSE
	EndGlobalSection
	GlobalSection(ExtensibilityGlobals) = postSolution
		SolutionGuid = {D7C36151-4B86-408B-BF2A-459C3EB1B52F}
	EndGlobalSection
EndGlobal
